
Microsoft Visual Studio Solution File, Format Version 12.00
# Visual Studio Version 16
VisualStudioVersion = 16.0.30711.63
MinimumVisualStudioVersion = 10.0.40219.1
Project("{FAE04EC0-301F-11D3-BF4B-00C04F79EFBC}") = "VSDiscordRP", "VSDiscordRP.csproj", "{E1A949A3-1E07-435E-9004-0E41F2469A3F}"
EndProject
Global
	GlobalSection(SolutionConfigurationPlatforms) = preSolution
		Debug|Any CPU = Debug|Any CPU
		Release|Any CPU = Release|Any CPU
	EndGlobalSection
	GlobalSection(ProjectConfigurationPlatforms) = postSolution
		{E1A949A3-1E07-435E-9004-0E41F2469A3F}.Debug|Any CPU.ActiveCfg = Debug|Any CPU
		{E1A949A3-1E07-435E-9004-0E41F2469A3F}.Debug|Any CPU.Build.0 = Debug|Any CPU
		{E1A949A3-1E07-435E-9004-0E41F2469A3F}.Release|Any CPU.ActiveCfg = Release|Any CPU
		{E1A949A3-1E07-435E-9004-0E41F2469A3F}.Release|Any CPU.Build.0 = Release|Any CPU
	EndGlobalSection
	GlobalSection(SolutionProperties) = preSolution
		HideSolutionNode = FALSE
	EndGlobalSection
	GlobalSection(ExtensibilityGlobals) = postSolution
		SolutionGuid = {A5DDFB44-1C8F-4BB5-9C19-4D7FAADF4B6E}
	EndGlobalSection
EndGlobal
